
Microsoft Visual Studio Solution File, Format Version 12.00
# Visual Studio Version 17
VisualStudioVersion = 17.11.35219.272
MinimumVisualStudioVersion = 10.0.40219.1
Project("{FAE04EC0-301F-11D3-BF4B-00C04F79EFBC}") = "DigaoRunnerApp", "DigaoRunnerApp\DigaoRunnerApp.csproj", "{4C95B559-5A1D-493B-AD3D-401B30B36F98}"
EndProject
Global
	GlobalSection(SolutionConfigurationPlatforms) = preSolution
		Debug|Any CPU = Debug|Any CPU
		Release|Any CPU = Release|Any CPU
	EndGlobalSection
	GlobalSection(ProjectConfigurationPlatforms) = postSolution
		{4C95B559-5A1D-493B-AD3D-401B30B36F98}.Debug|Any CPU.ActiveCfg = Debug|Any CPU
		{4C95B559-5A1D-493B-AD3D-401B30B36F98}.Debug|Any CPU.Build.0 = Debug|Any CPU
		{4C95B559-5A1D-493B-AD3D-401B30B36F98}.Release|Any CPU.ActiveCfg = Release|Any CPU
		{4C95B559-5A1D-493B-AD3D-401B30B36F98}.Release|Any CPU.Build.0 = Release|Any CPU
	EndGlobalSection
	GlobalSection(SolutionProperties) = preSolution
		HideSolutionNode = FALSE
	EndGlobalSection
	GlobalSection(ExtensibilityGlobals) = postSolution
		SolutionGuid = {38D1D17E-F9B8-4B16-97FE-F41277A08481}
	EndGlobalSection
EndGlobal
